// !$*UTF8*$!
{
	archiveVersion = 1;
	classes = {
	};
	objectVersion = 56;
	objects = {

/* Begin PBXBuildFile section */
		8814AA672BFDCAF200AC1254 /* StoryDetailView.swift in Sources */ = {isa = PBXBuildFile; fileRef = 8814AA662BFDCAF200AC1254 /* StoryDetailView.swift */; };
		8814AA692BFDE5D300AC1254 /* StoryDetailInfoView.swift in Sources */ = {isa = PBXBuildFile; fileRef = 8814AA682BFDE5D300AC1254 /* StoryDetailInfoView.swift */; };
		8814AA6B2BFDE5E300AC1254 /* StoryDetailSettingView.swift in Sources */ = {isa = PBXBuildFile; fileRef = 8814AA6A2BFDE5E300AC1254 /* StoryDetailSettingView.swift */; };
		8814AA6D2BFDE5FE00AC1254 /* StoryDetailTabView.swift in Sources */ = {isa = PBXBuildFile; fileRef = 8814AA6C2BFDE5FE00AC1254 /* StoryDetailTabView.swift */; };
		881A7DEB2BEDB6D9006A1E04 /* metruyenchuApp.swift in Sources */ = {isa = PBXBuildFile; fileRef = 881A7DEA2BEDB6D9006A1E04 /* metruyenchuApp.swift */; };
		881A7DEF2BEDB6D9006A1E04 /* Assets.xcassets in Resources */ = {isa = PBXBuildFile; fileRef = 881A7DEE2BEDB6D9006A1E04 /* Assets.xcassets */; };
		881A7DF22BEDB6D9006A1E04 /* Preview Assets.xcassets in Resources */ = {isa = PBXBuildFile; fileRef = 881A7DF12BEDB6D9006A1E04 /* Preview Assets.xcassets */; };
		881A7E002BEDB7A1006A1E04 /* HistoryView.swift in Sources */ = {isa = PBXBuildFile; fileRef = 881A7DFF2BEDB7A1006A1E04 /* HistoryView.swift */; };
		881A7E022BEDB7AD006A1E04 /* DashboardView.swift in Sources */ = {isa = PBXBuildFile; fileRef = 881A7E012BEDB7AD006A1E04 /* DashboardView.swift */; };
		881A7E042BEDB7B7006A1E04 /* NotificationView.swift in Sources */ = {isa = PBXBuildFile; fileRef = 881A7E032BEDB7B7006A1E04 /* NotificationView.swift */; };
		881A7E062BEDB7C6006A1E04 /* ProfileScreen.swift in Sources */ = {isa = PBXBuildFile; fileRef = 881A7E052BEDB7C6006A1E04 /* ProfileScreen.swift */; };
		881A7E092BEDBC53006A1E04 /* Image.swift in Sources */ = {isa = PBXBuildFile; fileRef = 881A7E082BEDBC53006A1E04 /* Image.swift */; };
		881A7E0D2BEDBDDC006A1E04 /* DashboardHeaderView.swift in Sources */ = {isa = PBXBuildFile; fileRef = 881A7E0C2BEDBDDC006A1E04 /* DashboardHeaderView.swift */; };
		881A7E0F2BEDBE10006A1E04 /* DashboardCarouselView.swift in Sources */ = {isa = PBXBuildFile; fileRef = 881A7E0E2BEDBE10006A1E04 /* DashboardCarouselView.swift */; };
		881A7E112BEDCB15006A1E04 /* Color.swift in Sources */ = {isa = PBXBuildFile; fileRef = 881A7E102BEDCB15006A1E04 /* Color.swift */; };
		881A7E132BEDCE5B006A1E04 /* DashboardTitleRow.swift in Sources */ = {isa = PBXBuildFile; fileRef = 881A7E122BEDCE5B006A1E04 /* DashboardTitleRow.swift */; };
		881A7E152BEDD7E9006A1E04 /* DashboardNewestView.swift in Sources */ = {isa = PBXBuildFile; fileRef = 881A7E142BEDD7E9006A1E04 /* DashboardNewestView.swift */; };
		881A7E172BEDD81D006A1E04 /* StarRateView.swift in Sources */ = {isa = PBXBuildFile; fileRef = 881A7E162BEDD81D006A1E04 /* StarRateView.swift */; };
		881A7E192BEDDAB2006A1E04 /* Story.swift in Sources */ = {isa = PBXBuildFile; fileRef = 881A7E182BEDDAB2006A1E04 /* Story.swift */; };
		8822932B2BF110E800E278CD /* DashboardHGridView.swift in Sources */ = {isa = PBXBuildFile; fileRef = 8822932A2BF110E800E278CD /* DashboardHGridView.swift */; };
		8822932D2BF115E900E278CD /* DashboardGenderSheetView.swift in Sources */ = {isa = PBXBuildFile; fileRef = 8822932C2BF115E900E278CD /* DashboardGenderSheetView.swift */; };
		8822932F2BF1160A00E278CD /* GenderRowView.swift in Sources */ = {isa = PBXBuildFile; fileRef = 8822932E2BF1160A00E278CD /* GenderRowView.swift */; };
		882293312BF117D900E278CD /* DashboardViewViewModel.swift in Sources */ = {isa = PBXBuildFile; fileRef = 882293302BF117D900E278CD /* DashboardViewViewModel.swift */; };
		882293332BF1180F00E278CD /* Gender.swift in Sources */ = {isa = PBXBuildFile; fileRef = 882293322BF1180F00E278CD /* Gender.swift */; };
		88649E6E2BF2594200FD7B0E /* MainTabView.swift in Sources */ = {isa = PBXBuildFile; fileRef = 88649E6D2BF2594200FD7B0E /* MainTabView.swift */; };
		8873C1E72BF4B505006D1494 /* HistoryHeaderView.swift in Sources */ = {isa = PBXBuildFile; fileRef = 8873C1E62BF4B505006D1494 /* HistoryHeaderView.swift */; };
		8873C1E92BF4C57E006D1494 /* HistoryPageView.swift in Sources */ = {isa = PBXBuildFile; fileRef = 8873C1E82BF4C57E006D1494 /* HistoryPageView.swift */; };
		888808A72BFF0228003AF1FB /* ReadingMode.swift in Sources */ = {isa = PBXBuildFile; fileRef = 888808A62BFF0228003AF1FB /* ReadingMode.swift */; };
		888808AA2BFF2338003AF1FB /* StoryDetailViewViewModel.swift in Sources */ = {isa = PBXBuildFile; fileRef = 888808A92BFF2338003AF1FB /* StoryDetailViewViewModel.swift */; };
		888D8E672BF4FAF60019F7E4 /* StoryInfoView.swift in Sources */ = {isa = PBXBuildFile; fileRef = 888D8E662BF4FAF60019F7E4 /* StoryInfoView.swift */; };
		888D8E6A2BF5065C0019F7E4 /* RemoteImage.swift in Sources */ = {isa = PBXBuildFile; fileRef = 888D8E692BF5065C0019F7E4 /* RemoteImage.swift */; };
		88C101E82BF5B34F00CC431E /* StoryInfoViewHeader.swift in Sources */ = {isa = PBXBuildFile; fileRef = 88C101E72BF5B34F00CC431E /* StoryInfoViewHeader.swift */; };
		88C67E1D2BF748C300379A1A /* IntroduceTabView.swift in Sources */ = {isa = PBXBuildFile; fileRef = 88C67E1C2BF748C300379A1A /* IntroduceTabView.swift */; };
		88C67E1F2BF748DA00379A1A /* EvaluateTabView.swift in Sources */ = {isa = PBXBuildFile; fileRef = 88C67E1E2BF748DA00379A1A /* EvaluateTabView.swift */; };
		88C67E212BF748F000379A1A /* CommentTabView.swift in Sources */ = {isa = PBXBuildFile; fileRef = 88C67E202BF748F000379A1A /* CommentTabView.swift */; };
		88C67E232BF7491400379A1A /* ChapterListTabView.swift in Sources */ = {isa = PBXBuildFile; fileRef = 88C67E222BF7491400379A1A /* ChapterListTabView.swift */; };
		88C67E262BF7590D00379A1A /* GeometryReader.swift in Sources */ = {isa = PBXBuildFile; fileRef = 88C67E252BF7590D00379A1A /* GeometryReader.swift */; };
/* End PBXBuildFile section */

/* Begin PBXFileReference section */
		8814AA662BFDCAF200AC1254 /* StoryDetailView.swift */ = {isa = PBXFileReference; lastKnownFileType = sourcecode.swift; path = StoryDetailView.swift; sourceTree = "<group>"; };
		8814AA682BFDE5D300AC1254 /* StoryDetailInfoView.swift */ = {isa = PBXFileReference; lastKnownFileType = sourcecode.swift; path = StoryDetailInfoView.swift; sourceTree = "<group>"; };
		8814AA6A2BFDE5E300AC1254 /* StoryDetailSettingView.swift */ = {isa = PBXFileReference; lastKnownFileType = sourcecode.swift; path = StoryDetailSettingView.swift; sourceTree = "<group>"; };
		8814AA6C2BFDE5FE00AC1254 /* StoryDetailTabView.swift */ = {isa = PBXFileReference; lastKnownFileType = sourcecode.swift; path = StoryDetailTabView.swift; sourceTree = "<group>"; };
		881A7DE72BEDB6D9006A1E04 /* metruyenchu.app */ = {isa = PBXFileReference; explicitFileType = wrapper.application; includeInIndex = 0; path = metruyenchu.app; sourceTree = BUILT_PRODUCTS_DIR; };
		881A7DEA2BEDB6D9006A1E04 /* metruyenchuApp.swift */ = {isa = PBXFileReference; lastKnownFileType = sourcecode.swift; path = metruyenchuApp.swift; sourceTree = "<group>"; };
		881A7DEE2BEDB6D9006A1E04 /* Assets.xcassets */ = {isa = PBXFileReference; lastKnownFileType = folder.assetcatalog; path = Assets.xcassets; sourceTree = "<group>"; };
		881A7DF12BEDB6D9006A1E04 /* Preview Assets.xcassets */ = {isa = PBXFileReference; lastKnownFileType = folder.assetcatalog; path = "Preview Assets.xcassets"; sourceTree = "<group>"; };
		881A7DFF2BEDB7A1006A1E04 /* HistoryView.swift */ = {isa = PBXFileReference; lastKnownFileType = sourcecode.swift; path = HistoryView.swift; sourceTree = "<group>"; };
		881A7E012BEDB7AD006A1E04 /* DashboardView.swift */ = {isa = PBXFileReference; lastKnownFileType = sourcecode.swift; path = DashboardView.swift; sourceTree = "<group>"; };
		881A7E032BEDB7B7006A1E04 /* NotificationView.swift */ = {isa = PBXFileReference; lastKnownFileType = sourcecode.swift; path = NotificationView.swift; sourceTree = "<group>"; };
		881A7E052BEDB7C6006A1E04 /* ProfileScreen.swift */ = {isa = PBXFileReference; lastKnownFileType = sourcecode.swift; path = ProfileScreen.swift; sourceTree = "<group>"; };
		881A7E082BEDBC53006A1E04 /* Image.swift */ = {isa = PBXFileReference; lastKnownFileType = sourcecode.swift; path = Image.swift; sourceTree = "<group>"; };
		881A7E0C2BEDBDDC006A1E04 /* DashboardHeaderView.swift */ = {isa = PBXFileReference; lastKnownFileType = sourcecode.swift; path = DashboardHeaderView.swift; sourceTree = "<group>"; };
		881A7E0E2BEDBE10006A1E04 /* DashboardCarouselView.swift */ = {isa = PBXFileReference; lastKnownFileType = sourcecode.swift; path = DashboardCarouselView.swift; sourceTree = "<group>"; };
		881A7E102BEDCB15006A1E04 /* Color.swift */ = {isa = PBXFileReference; lastKnownFileType = sourcecode.swift; path = Color.swift; sourceTree = "<group>"; };
		881A7E122BEDCE5B006A1E04 /* DashboardTitleRow.swift */ = {isa = PBXFileReference; lastKnownFileType = sourcecode.swift; path = DashboardTitleRow.swift; sourceTree = "<group>"; };
		881A7E142BEDD7E9006A1E04 /* DashboardNewestView.swift */ = {isa = PBXFileReference; lastKnownFileType = sourcecode.swift; path = DashboardNewestView.swift; sourceTree = "<group>"; };
		881A7E162BEDD81D006A1E04 /* StarRateView.swift */ = {isa = PBXFileReference; lastKnownFileType = sourcecode.swift; path = StarRateView.swift; sourceTree = "<group>"; };
		881A7E182BEDDAB2006A1E04 /* Story.swift */ = {isa = PBXFileReference; lastKnownFileType = sourcecode.swift; path = Story.swift; sourceTree = "<group>"; };
		8822932A2BF110E800E278CD /* DashboardHGridView.swift */ = {isa = PBXFileReference; lastKnownFileType = sourcecode.swift; path = DashboardHGridView.swift; sourceTree = "<group>"; };
		8822932C2BF115E900E278CD /* DashboardGenderSheetView.swift */ = {isa = PBXFileReference; lastKnownFileType = sourcecode.swift; path = DashboardGenderSheetView.swift; sourceTree = "<group>"; };
		8822932E2BF1160A00E278CD /* GenderRowView.swift */ = {isa = PBXFileReference; lastKnownFileType = sourcecode.swift; path = GenderRowView.swift; sourceTree = "<group>"; };
		882293302BF117D900E278CD /* DashboardViewViewModel.swift */ = {isa = PBXFileReference; lastKnownFileType = sourcecode.swift; path = DashboardViewViewModel.swift; sourceTree = "<group>"; };
		882293322BF1180F00E278CD /* Gender.swift */ = {isa = PBXFileReference; lastKnownFileType = sourcecode.swift; path = Gender.swift; sourceTree = "<group>"; };
		88649E6D2BF2594200FD7B0E /* MainTabView.swift */ = {isa = PBXFileReference; lastKnownFileType = sourcecode.swift; path = MainTabView.swift; sourceTree = "<group>"; };
		8873C1E62BF4B505006D1494 /* HistoryHeaderView.swift */ = {isa = PBXFileReference; lastKnownFileType = sourcecode.swift; path = HistoryHeaderView.swift; sourceTree = "<group>"; };
		8873C1E82BF4C57E006D1494 /* HistoryPageView.swift */ = {isa = PBXFileReference; lastKnownFileType = sourcecode.swift; path = HistoryPageView.swift; sourceTree = "<group>"; };
		888808A62BFF0228003AF1FB /* ReadingMode.swift */ = {isa = PBXFileReference; lastKnownFileType = sourcecode.swift; path = ReadingMode.swift; sourceTree = "<group>"; };
		888808A92BFF2338003AF1FB /* StoryDetailViewViewModel.swift */ = {isa = PBXFileReference; lastKnownFileType = sourcecode.swift; path = StoryDetailViewViewModel.swift; sourceTree = "<group>"; };
		888D8E662BF4FAF60019F7E4 /* StoryInfoView.swift */ = {isa = PBXFileReference; lastKnownFileType = sourcecode.swift; path = StoryInfoView.swift; sourceTree = "<group>"; };
		888D8E692BF5065C0019F7E4 /* RemoteImage.swift */ = {isa = PBXFileReference; lastKnownFileType = sourcecode.swift; path = RemoteImage.swift; sourceTree = "<group>"; };
		88C101E72BF5B34F00CC431E /* StoryInfoViewHeader.swift */ = {isa = PBXFileReference; lastKnownFileType = sourcecode.swift; path = StoryInfoViewHeader.swift; sourceTree = "<group>"; };
		88C67E1C2BF748C300379A1A /* IntroduceTabView.swift */ = {isa = PBXFileReference; lastKnownFileType = sourcecode.swift; path = IntroduceTabView.swift; sourceTree = "<group>"; };
		88C67E1E2BF748DA00379A1A /* EvaluateTabView.swift */ = {isa = PBXFileReference; lastKnownFileType = sourcecode.swift; path = EvaluateTabView.swift; sourceTree = "<group>"; };
		88C67E202BF748F000379A1A /* CommentTabView.swift */ = {isa = PBXFileReference; lastKnownFileType = sourcecode.swift; path = CommentTabView.swift; sourceTree = "<group>"; };
		88C67E222BF7491400379A1A /* ChapterListTabView.swift */ = {isa = PBXFileReference; lastKnownFileType = sourcecode.swift; path = ChapterListTabView.swift; sourceTree = "<group>"; };
		88C67E252BF7590D00379A1A /* GeometryReader.swift */ = {isa = PBXFileReference; lastKnownFileType = sourcecode.swift; path = GeometryReader.swift; sourceTree = "<group>"; };
/* End PBXFileReference section */

/* Begin PBXFrameworksBuildPhase section */
		881A7DE42BEDB6D9006A1E04 /* Frameworks */ = {
			isa = PBXFrameworksBuildPhase;
			buildActionMask = 2147483647;
			files = (
			);
			runOnlyForDeploymentPostprocessing = 0;
		};
/* End PBXFrameworksBuildPhase section */

/* Begin PBXGroup section */
		8814AA652BFDCAAA00AC1254 /* StoryDetail */ = {
			isa = PBXGroup;
			children = (
				888808A82BFF231F003AF1FB /* ViewModel */,
				8814AA6E2BFDE73400AC1254 /* TabView */,
				8814AA662BFDCAF200AC1254 /* StoryDetailView.swift */,
			);
			path = StoryDetail;
			sourceTree = "<group>";
		};
		8814AA6E2BFDE73400AC1254 /* TabView */ = {
			isa = PBXGroup;
			children = (
				8814AA682BFDE5D300AC1254 /* StoryDetailInfoView.swift */,
				8814AA6A2BFDE5E300AC1254 /* StoryDetailSettingView.swift */,
				8814AA6C2BFDE5FE00AC1254 /* StoryDetailTabView.swift */,
			);
			path = TabView;
			sourceTree = "<group>";
		};
		881A7DDE2BEDB6D9006A1E04 = {
			isa = PBXGroup;
			children = (
				881A7DE92BEDB6D9006A1E04 /* metruyenchu */,
				881A7DE82BEDB6D9006A1E04 /* Products */,
			);
			sourceTree = "<group>";
		};
		881A7DE82BEDB6D9006A1E04 /* Products */ = {
			isa = PBXGroup;
			children = (
				881A7DE72BEDB6D9006A1E04 /* metruyenchu.app */,
			);
			name = Products;
			sourceTree = "<group>";
		};
		881A7DE92BEDB6D9006A1E04 /* metruyenchu */ = {
			isa = PBXGroup;
			children = (
				88C67E242BF758E800379A1A /* Common */,
				881A7E072BEDBC34006A1E04 /* Extensions */,
				881A7DF92BEDB72E006A1E04 /* App */,
				881A7DF82BEDB726006A1E04 /* Core */,
				881A7DFA2BEDB74C006A1E04 /* Models */,
				881A7DEE2BEDB6D9006A1E04 /* Assets.xcassets */,
				881A7DF02BEDB6D9006A1E04 /* Preview Content */,
			);
			path = metruyenchu;
			sourceTree = "<group>";
		};
		881A7DF02BEDB6D9006A1E04 /* Preview Content */ = {
			isa = PBXGroup;
			children = (
				881A7DF12BEDB6D9006A1E04 /* Preview Assets.xcassets */,
			);
			path = "Preview Content";
			sourceTree = "<group>";
		};
		881A7DF82BEDB726006A1E04 /* Core */ = {
			isa = PBXGroup;
			children = (
				888D8E682BF505F40019F7E4 /* Components */,
				888D8E632BF4FAC90019F7E4 /* Story */,
				881A7DFE2BEDB786006A1E04 /* History */,
				881A7DFD2BEDB77D006A1E04 /* Dashboard */,
				881A7DFC2BEDB775006A1E04 /* Notification */,
				881A7DFB2BEDB76A006A1E04 /* Profile */,
			);
			path = Core;
			sourceTree = "<group>";
		};
		881A7DF92BEDB72E006A1E04 /* App */ = {
			isa = PBXGroup;
			children = (
				881A7DEA2BEDB6D9006A1E04 /* metruyenchuApp.swift */,
				88649E6D2BF2594200FD7B0E /* MainTabView.swift */,
			);
			path = App;
			sourceTree = "<group>";
		};
		881A7DFA2BEDB74C006A1E04 /* Models */ = {
			isa = PBXGroup;
			children = (
				881A7E182BEDDAB2006A1E04 /* Story.swift */,
				882293322BF1180F00E278CD /* Gender.swift */,
				888808A62BFF0228003AF1FB /* ReadingMode.swift */,
			);
			path = Models;
			sourceTree = "<group>";
		};
		881A7DFB2BEDB76A006A1E04 /* Profile */ = {
			isa = PBXGroup;
			children = (
				881A7E052BEDB7C6006A1E04 /* ProfileScreen.swift */,
			);
			path = Profile;
			sourceTree = "<group>";
		};
		881A7DFC2BEDB775006A1E04 /* Notification */ = {
			isa = PBXGroup;
			children = (
				881A7E032BEDB7B7006A1E04 /* NotificationView.swift */,
			);
			path = Notification;
			sourceTree = "<group>";
		};
		881A7DFD2BEDB77D006A1E04 /* Dashboard */ = {
			isa = PBXGroup;
			children = (
				881A7E0B2BEDBDC0006A1E04 /* ViewModel */,
				881A7E0A2BEDBDB6006A1E04 /* Views */,
			);
			path = Dashboard;
			sourceTree = "<group>";
		};
		881A7DFE2BEDB786006A1E04 /* History */ = {
			isa = PBXGroup;
			children = (
				881A7DFF2BEDB7A1006A1E04 /* HistoryView.swift */,
				8873C1E62BF4B505006D1494 /* HistoryHeaderView.swift */,
				8873C1E82BF4C57E006D1494 /* HistoryPageView.swift */,
			);
			path = History;
			sourceTree = "<group>";
		};
		881A7E072BEDBC34006A1E04 /* Extensions */ = {
			isa = PBXGroup;
			children = (
				881A7E082BEDBC53006A1E04 /* Image.swift */,
				881A7E102BEDCB15006A1E04 /* Color.swift */,
			);
			path = Extensions;
			sourceTree = "<group>";
		};
		881A7E0A2BEDBDB6006A1E04 /* Views */ = {
			isa = PBXGroup;
			children = (
				881A7E012BEDB7AD006A1E04 /* DashboardView.swift */,
				881A7E0C2BEDBDDC006A1E04 /* DashboardHeaderView.swift */,
				881A7E0E2BEDBE10006A1E04 /* DashboardCarouselView.swift */,
				881A7E122BEDCE5B006A1E04 /* DashboardTitleRow.swift */,
				881A7E142BEDD7E9006A1E04 /* DashboardNewestView.swift */,
				881A7E162BEDD81D006A1E04 /* StarRateView.swift */,
				8822932A2BF110E800E278CD /* DashboardHGridView.swift */,
				8822932C2BF115E900E278CD /* DashboardGenderSheetView.swift */,
				8822932E2BF1160A00E278CD /* GenderRowView.swift */,
			);
			path = Views;
			sourceTree = "<group>";
		};
		881A7E0B2BEDBDC0006A1E04 /* ViewModel */ = {
			isa = PBXGroup;
			children = (
				882293302BF117D900E278CD /* DashboardViewViewModel.swift */,
			);
			path = ViewModel;
			sourceTree = "<group>";
		};
		888808A82BFF231F003AF1FB /* ViewModel */ = {
			isa = PBXGroup;
			children = (
				888808A92BFF2338003AF1FB /* StoryDetailViewViewModel.swift */,
			);
			path = ViewModel;
			sourceTree = "<group>";
		};
		888D8E632BF4FAC90019F7E4 /* Story */ = {
			isa = PBXGroup;
			children = (
				8814AA652BFDCAAA00AC1254 /* StoryDetail */,
				888D8E642BF4FADA0019F7E4 /* StoryInfo */,
			);
			path = Story;
			sourceTree = "<group>";
		};
		888D8E642BF4FADA0019F7E4 /* StoryInfo */ = {
			isa = PBXGroup;
			children = (
				888D8E662BF4FAF60019F7E4 /* StoryInfoView.swift */,
				88C67E1E2BF748DA00379A1A /* EvaluateTabView.swift */,
				88C101E72BF5B34F00CC431E /* StoryInfoViewHeader.swift */,
				88C67E1C2BF748C300379A1A /* IntroduceTabView.swift */,
				88C67E202BF748F000379A1A /* CommentTabView.swift */,
				88C67E222BF7491400379A1A /* ChapterListTabView.swift */,
			);
			path = StoryInfo;
			sourceTree = "<group>";
		};
		888D8E682BF505F40019F7E4 /* Components */ = {
			isa = PBXGroup;
			children = (
				888D8E692BF5065C0019F7E4 /* RemoteImage.swift */,
			);
			path = Components;
			sourceTree = "<group>";
		};
		88C67E242BF758E800379A1A /* Common */ = {
			isa = PBXGroup;
			children = (
				88C67E252BF7590D00379A1A /* GeometryReader.swift */,
			);
			path = Common;
			sourceTree = "<group>";
		};
/* End PBXGroup section */

/* Begin PBXNativeTarget section */
		881A7DE62BEDB6D9006A1E04 /* metruyenchu */ = {
			isa = PBXNativeTarget;
			buildConfigurationList = 881A7DF52BEDB6D9006A1E04 /* Build configuration list for PBXNativeTarget "metruyenchu" */;
			buildPhases = (
				881A7DE32BEDB6D9006A1E04 /* Sources */,
				881A7DE42BEDB6D9006A1E04 /* Frameworks */,
				881A7DE52BEDB6D9006A1E04 /* Resources */,
			);
			buildRules = (
			);
			dependencies = (
			);
			name = metruyenchu;
			productName = metruyenchu;
			productReference = 881A7DE72BEDB6D9006A1E04 /* metruyenchu.app */;
			productType = "com.apple.product-type.application";
		};
/* End PBXNativeTarget section */

/* Begin PBXProject section */
		881A7DDF2BEDB6D9006A1E04 /* Project object */ = {
			isa = PBXProject;
			attributes = {
				BuildIndependentTargetsInParallel = 1;
				LastSwiftUpdateCheck = 1530;
				LastUpgradeCheck = 1530;
				TargetAttributes = {
					881A7DE62BEDB6D9006A1E04 = {
						CreatedOnToolsVersion = 15.3;
					};
				};
			};
			buildConfigurationList = 881A7DE22BEDB6D9006A1E04 /* Build configuration list for PBXProject "metruyenchu" */;
			compatibilityVersion = "Xcode 14.0";
			developmentRegion = en;
			hasScannedForEncodings = 0;
			knownRegions = (
				en,
				Base,
			);
			mainGroup = 881A7DDE2BEDB6D9006A1E04;
			productRefGroup = 881A7DE82BEDB6D9006A1E04 /* Products */;
			projectDirPath = "";
			projectRoot = "";
			targets = (
				881A7DE62BEDB6D9006A1E04 /* metruyenchu */,
			);
		};
/* End PBXProject section */

/* Begin PBXResourcesBuildPhase section */
		881A7DE52BEDB6D9006A1E04 /* Resources */ = {
			isa = PBXResourcesBuildPhase;
			buildActionMask = 2147483647;
			files = (
				881A7DF22BEDB6D9006A1E04 /* Preview Assets.xcassets in Resources */,
				881A7DEF2BEDB6D9006A1E04 /* Assets.xcassets in Resources */,
			);
			runOnlyForDeploymentPostprocessing = 0;
		};
/* End PBXResourcesBuildPhase section */

/* Begin PBXSourcesBuildPhase section */
		881A7DE32BEDB6D9006A1E04 /* Sources */ = {
			isa = PBXSourcesBuildPhase;
			buildActionMask = 2147483647;
			files = (
				881A7E132BEDCE5B006A1E04 /* DashboardTitleRow.swift in Sources */,
				88C67E1D2BF748C300379A1A /* IntroduceTabView.swift in Sources */,
				881A7E062BEDB7C6006A1E04 /* ProfileScreen.swift in Sources */,
				881A7E092BEDBC53006A1E04 /* Image.swift in Sources */,
				8814AA6B2BFDE5E300AC1254 /* StoryDetailSettingView.swift in Sources */,
				881A7E022BEDB7AD006A1E04 /* DashboardView.swift in Sources */,
				8822932B2BF110E800E278CD /* DashboardHGridView.swift in Sources */,
				88649E6E2BF2594200FD7B0E /* MainTabView.swift in Sources */,
				8814AA6D2BFDE5FE00AC1254 /* StoryDetailTabView.swift in Sources */,
				881A7E002BEDB7A1006A1E04 /* HistoryView.swift in Sources */,
				88C67E232BF7491400379A1A /* ChapterListTabView.swift in Sources */,
				882293332BF1180F00E278CD /* Gender.swift in Sources */,
				8822932F2BF1160A00E278CD /* GenderRowView.swift in Sources */,
				881A7E152BEDD7E9006A1E04 /* DashboardNewestView.swift in Sources */,
				888D8E672BF4FAF60019F7E4 /* StoryInfoView.swift in Sources */,
				881A7E172BEDD81D006A1E04 /* StarRateView.swift in Sources */,
				88C67E262BF7590D00379A1A /* GeometryReader.swift in Sources */,
				8814AA672BFDCAF200AC1254 /* StoryDetailView.swift in Sources */,
				881A7E0D2BEDBDDC006A1E04 /* DashboardHeaderView.swift in Sources */,
				888808A72BFF0228003AF1FB /* ReadingMode.swift in Sources */,
				88C101E82BF5B34F00CC431E /* StoryInfoViewHeader.swift in Sources */,
				888808AA2BFF2338003AF1FB /* StoryDetailViewViewModel.swift in Sources */,
				88C67E212BF748F000379A1A /* CommentTabView.swift in Sources */,
				8814AA692BFDE5D300AC1254 /* StoryDetailInfoView.swift in Sources */,
				8873C1E72BF4B505006D1494 /* HistoryHeaderView.swift in Sources */,
				881A7E192BEDDAB2006A1E04 /* Story.swift in Sources */,
				881A7DEB2BEDB6D9006A1E04 /* metruyenchuApp.swift in Sources */,
				881A7E042BEDB7B7006A1E04 /* NotificationView.swift in Sources */,
				882293312BF117D900E278CD /* DashboardViewViewModel.swift in Sources */,
				8822932D2BF115E900E278CD /* DashboardGenderSheetView.swift in Sources */,
				881A7E0F2BEDBE10006A1E04 /* DashboardCarouselView.swift in Sources */,
				888D8E6A2BF5065C0019F7E4 /* RemoteImage.swift in Sources */,
				88C67E1F2BF748DA00379A1A /* EvaluateTabView.swift in Sources */,
				8873C1E92BF4C57E006D1494 /* HistoryPageView.swift in Sources */,
				881A7E112BEDCB15006A1E04 /* Color.swift in Sources */,
			);
			runOnlyForDeploymentPostprocessing = 0;
		};
/* End PBXSourcesBuildPhase section */

/* Begin XCBuildConfiguration section */
		881A7DF32BEDB6D9006A1E04 /* Debug */ = {
			isa = XCBuildConfiguration;
			buildSettings = {
				ALWAYS_SEARCH_USER_PATHS = NO;
				ASSETCATALOG_COMPILER_GENERATE_SWIFT_ASSET_SYMBOL_EXTENSIONS = YES;
				CLANG_ANALYZER_NONNULL = YES;
				CLANG_ANALYZER_NUMBER_OBJECT_CONVERSION = YES_AGGRESSIVE;
				CLANG_CXX_LANGUAGE_STANDARD = "gnu++20";
				CLANG_ENABLE_MODULES = YES;
				CLANG_ENABLE_OBJC_ARC = YES;
				CLANG_ENABLE_OBJC_WEAK = YES;
				CLANG_WARN_BLOCK_CAPTURE_AUTORELEASING = YES;
				CLANG_WARN_BOOL_CONVERSION = YES;
				CLANG_WARN_COMMA = YES;
				CLANG_WARN_CONSTANT_CONVERSION = YES;
				CLANG_WARN_DEPRECATED_OBJC_IMPLEMENTATIONS = YES;
				CLANG_WARN_DIRECT_OBJC_ISA_USAGE = YES_ERROR;
				CLANG_WARN_DOCUMENTATION_COMMENTS = YES;
				CLANG_WARN_EMPTY_BODY = YES;
				CLANG_WARN_ENUM_CONVERSION = YES;
				CLANG_WARN_INFINITE_RECURSION = YES;
				CLANG_WARN_INT_CONVERSION = YES;
				CLANG_WARN_NON_LITERAL_NULL_CONVERSION = YES;
				CLANG_WARN_OBJC_IMPLICIT_RETAIN_SELF = YES;
				CLANG_WARN_OBJC_LITERAL_CONVERSION = YES;
				CLANG_WARN_OBJC_ROOT_CLASS = YES_ERROR;
				CLANG_WARN_QUOTED_INCLUDE_IN_FRAMEWORK_HEADER = YES;
				CLANG_WARN_RANGE_LOOP_ANALYSIS = YES;
				CLANG_WARN_STRICT_PROTOTYPES = YES;
				CLANG_WARN_SUSPICIOUS_MOVE = YES;
				CLANG_WARN_UNGUARDED_AVAILABILITY = YES_AGGRESSIVE;
				CLANG_WARN_UNREACHABLE_CODE = YES;
				CLANG_WARN__DUPLICATE_METHOD_MATCH = YES;
				COPY_PHASE_STRIP = NO;
				DEBUG_INFORMATION_FORMAT = dwarf;
				ENABLE_STRICT_OBJC_MSGSEND = YES;
				ENABLE_TESTABILITY = YES;
				ENABLE_USER_SCRIPT_SANDBOXING = YES;
				GCC_C_LANGUAGE_STANDARD = gnu17;
				GCC_DYNAMIC_NO_PIC = NO;
				GCC_NO_COMMON_BLOCKS = YES;
				GCC_OPTIMIZATION_LEVEL = 0;
				GCC_PREPROCESSOR_DEFINITIONS = (
					"DEBUG=1",
					"$(inherited)",
				);
				GCC_WARN_64_TO_32_BIT_CONVERSION = YES;
				GCC_WARN_ABOUT_RETURN_TYPE = YES_ERROR;
				GCC_WARN_UNDECLARED_SELECTOR = YES;
				GCC_WARN_UNINITIALIZED_AUTOS = YES_AGGRESSIVE;
				GCC_WARN_UNUSED_FUNCTION = YES;
				GCC_WARN_UNUSED_VARIABLE = YES;
				IPHONEOS_DEPLOYMENT_TARGET = 17.4;
				LOCALIZATION_PREFERS_STRING_CATALOGS = YES;
				MTL_ENABLE_DEBUG_INFO = INCLUDE_SOURCE;
				MTL_FAST_MATH = YES;
				ONLY_ACTIVE_ARCH = YES;
				SDKROOT = iphoneos;
				SWIFT_ACTIVE_COMPILATION_CONDITIONS = "DEBUG $(inherited)";
				SWIFT_OPTIMIZATION_LEVEL = "-Onone";
			};
			name = Debug;
		};
		881A7DF42BEDB6D9006A1E04 /* Release */ = {
			isa = XCBuildConfiguration;
			buildSettings = {
				ALWAYS_SEARCH_USER_PATHS = NO;
				ASSETCATALOG_COMPILER_GENERATE_SWIFT_ASSET_SYMBOL_EXTENSIONS = YES;
				CLANG_ANALYZER_NONNULL = YES;
				CLANG_ANALYZER_NUMBER_OBJECT_CONVERSION = YES_AGGRESSIVE;
				CLANG_CXX_LANGUAGE_STANDARD = "gnu++20";
				CLANG_ENABLE_MODULES = YES;
				CLANG_ENABLE_OBJC_ARC = YES;
				CLANG_ENABLE_OBJC_WEAK = YES;
				CLANG_WARN_BLOCK_CAPTURE_AUTORELEASING = YES;
				CLANG_WARN_BOOL_CONVERSION = YES;
				CLANG_WARN_COMMA = YES;
				CLANG_WARN_CONSTANT_CONVERSION = YES;
				CLANG_WARN_DEPRECATED_OBJC_IMPLEMENTATIONS = YES;
				CLANG_WARN_DIRECT_OBJC_ISA_USAGE = YES_ERROR;
				CLANG_WARN_DOCUMENTATION_COMMENTS = YES;
				CLANG_WARN_EMPTY_BODY = YES;
				CLANG_WARN_ENUM_CONVERSION = YES;
				CLANG_WARN_INFINITE_RECURSION = YES;
				CLANG_WARN_INT_CONVERSION = YES;
				CLANG_WARN_NON_LITERAL_NULL_CONVERSION = YES;
				CLANG_WARN_OBJC_IMPLICIT_RETAIN_SELF = YES;
				CLANG_WARN_OBJC_LITERAL_CONVERSION = YES;
				CLANG_WARN_OBJC_ROOT_CLASS = YES_ERROR;
				CLANG_WARN_QUOTED_INCLUDE_IN_FRAMEWORK_HEADER = YES;
				CLANG_WARN_RANGE_LOOP_ANALYSIS = YES;
				CLANG_WARN_STRICT_PROTOTYPES = YES;
				CLANG_WARN_SUSPICIOUS_MOVE = YES;
				CLANG_WARN_UNGUARDED_AVAILABILITY = YES_AGGRESSIVE;
				CLANG_WARN_UNREACHABLE_CODE = YES;
				CLANG_WARN__DUPLICATE_METHOD_MATCH = YES;
				COPY_PHASE_STRIP = NO;
				DEBUG_INFORMATION_FORMAT = "dwarf-with-dsym";
				ENABLE_NS_ASSERTIONS = NO;
				ENABLE_STRICT_OBJC_MSGSEND = YES;
				ENABLE_USER_SCRIPT_SANDBOXING = YES;
				GCC_C_LANGUAGE_STANDARD = gnu17;
				GCC_NO_COMMON_BLOCKS = YES;
				GCC_WARN_64_TO_32_BIT_CONVERSION = YES;
				GCC_WARN_ABOUT_RETURN_TYPE = YES_ERROR;
				GCC_WARN_UNDECLARED_SELECTOR = YES;
				GCC_WARN_UNINITIALIZED_AUTOS = YES_AGGRESSIVE;
				GCC_WARN_UNUSED_FUNCTION = YES;
				GCC_WARN_UNUSED_VARIABLE = YES;
				IPHONEOS_DEPLOYMENT_TARGET = 17.4;
				LOCALIZATION_PREFERS_STRING_CATALOGS = YES;
				MTL_ENABLE_DEBUG_INFO = NO;
				MTL_FAST_MATH = YES;
				SDKROOT = iphoneos;
				SWIFT_COMPILATION_MODE = wholemodule;
				VALIDATE_PRODUCT = YES;
			};
			name = Release;
		};
		881A7DF62BEDB6D9006A1E04 /* Debug */ = {
			isa = XCBuildConfiguration;
			buildSettings = {
				ASSETCATALOG_COMPILER_APPICON_NAME = AppIcon;
				ASSETCATALOG_COMPILER_GLOBAL_ACCENT_COLOR_NAME = AccentColor;
				CODE_SIGN_STYLE = Automatic;
				CURRENT_PROJECT_VERSION = 1;
				DEVELOPMENT_ASSET_PATHS = "\"metruyenchu/Preview Content\"";
				DEVELOPMENT_TEAM = 6C8AF5S88S;
				ENABLE_PREVIEWS = YES;
				GENERATE_INFOPLIST_FILE = YES;
				INFOPLIST_KEY_UIApplicationSceneManifest_Generation = YES;
				INFOPLIST_KEY_UIApplicationSupportsIndirectInputEvents = YES;
				INFOPLIST_KEY_UILaunchScreen_Generation = YES;
				INFOPLIST_KEY_UISupportedInterfaceOrientations = UIInterfaceOrientationPortrait;
				IPHONEOS_DEPLOYMENT_TARGET = 17.0;
				LD_RUNPATH_SEARCH_PATHS = (
					"$(inherited)",
					"@executable_path/Frameworks",
				);
				MARKETING_VERSION = 1.0;
				PRODUCT_BUNDLE_IDENTIFIER = hungbv.metruyenchu;
				PRODUCT_NAME = "$(TARGET_NAME)";
				SUPPORTED_PLATFORMS = "iphoneos iphonesimulator";
				SUPPORTS_MACCATALYST = NO;
				SUPPORTS_MAC_DESIGNED_FOR_IPHONE_IPAD = NO;
				SWIFT_EMIT_LOC_STRINGS = YES;
				SWIFT_VERSION = 5.0;
				TARGETED_DEVICE_FAMILY = 1;
			};
			name = Debug;
		};
		881A7DF72BEDB6D9006A1E04 /* Release */ = {
			isa = XCBuildConfiguration;
			buildSettings = {
				ASSETCATALOG_COMPILER_APPICON_NAME = AppIcon;
				ASSETCATALOG_COMPILER_GLOBAL_ACCENT_COLOR_NAME = AccentColor;
				CODE_SIGN_STYLE = Automatic;
				CURRENT_PROJECT_VERSION = 1;
				DEVELOPMENT_ASSET_PATHS = "\"metruyenchu/Preview Content\"";
				DEVELOPMENT_TEAM = 6C8AF5S88S;
				ENABLE_PREVIEWS = YES;
				GENERATE_INFOPLIST_FILE = YES;
				INFOPLIST_KEY_UIApplicationSceneManifest_Generation = YES;
				INFOPLIST_KEY_UIApplicationSupportsIndirectInputEvents = YES;
				INFOPLIST_KEY_UILaunchScreen_Generation = YES;
				INFOPLIST_KEY_UISupportedInterfaceOrientations = UIInterfaceOrientationPortrait;
				IPHONEOS_DEPLOYMENT_TARGET = 17.0;
				LD_RUNPATH_SEARCH_PATHS = (
					"$(inherited)",
					"@executable_path/Frameworks",
				);
				MARKETING_VERSION = 1.0;
				PRODUCT_BUNDLE_IDENTIFIER = hungbv.metruyenchu;
				PRODUCT_NAME = "$(TARGET_NAME)";
				SUPPORTED_PLATFORMS = "iphoneos iphonesimulator";
				SUPPORTS_MACCATALYST = NO;
				SUPPORTS_MAC_DESIGNED_FOR_IPHONE_IPAD = NO;
				SWIFT_EMIT_LOC_STRINGS = YES;
				SWIFT_VERSION = 5.0;
				TARGETED_DEVICE_FAMILY = 1;
			};
			name = Release;
		};
/* End XCBuildConfiguration section */

/* Begin XCConfigurationList section */
		881A7DE22BEDB6D9006A1E04 /* Build configuration list for PBXProject "metruyenchu" */ = {
			isa = XCConfigurationList;
			buildConfigurations = (
				881A7DF32BEDB6D9006A1E04 /* Debug */,
				881A7DF42BEDB6D9006A1E04 /* Release */,
			);
			defaultConfigurationIsVisible = 0;
			defaultConfigurationName = Release;
		};
		881A7DF52BEDB6D9006A1E04 /* Build configuration list for PBXNativeTarget "metruyenchu" */ = {
			isa = XCConfigurationList;
			buildConfigurations = (
				881A7DF62BEDB6D9006A1E04 /* Debug */,
				881A7DF72BEDB6D9006A1E04 /* Release */,
			);
			defaultConfigurationIsVisible = 0;
			defaultConfigurationName = Release;
		};
/* End XCConfigurationList section */
	};
	rootObject = 881A7DDF2BEDB6D9006A1E04 /* Project object */;
}
